# This file is autogenerated, do not edit; changes may be undone by the next 'dep ensure'.


[[projects]]
  name = "github.com/jayconrod/modtestB"
  packages = ["b"]
  revision = "556ab493e56891f093e7c8fefacf8dd957df1aff"
  version = "v2.1.0"

[solve-meta]
  analyzer-name = "dep"
  analyzer-version = 1
  inputs-digest = "6cfa6b6455cab762d329319262eceed5ad978579ea2f3ca89af5cc82437a7ef6"
  solver-name = "gps-cdcl"
  solver-version = 1
